
Microsoft Visual Studio Solution File, Format Version 12.00
# Visual Studio Version 17
VisualStudioVersion = 17.6.33815.320
MinimumVisualStudioVersion = 10.0.40219.1
Project("{9A19103F-16F7-4668-BE54-9A1E7A4F7556}") = "Parkhouse", "Parkhouse.csproj", "{DCA47FBC-D00D-43E0-8923-E71CA4943AB5}"
EndProject
Project("{2150E333-8FDC-42A3-9474-1A3956D46DE8}") = "Solution Items", "Solution Items", "{68C1E607-ADA2-4644-9B93-D3A98FE22AA1}"
	ProjectSection(SolutionItems) = preProject
		.editorconfig = .editorconfig
	EndProjectSection
EndProject
Project("{2150E333-8FDC-42A3-9474-1A3956D46DE8}") = "Util", "Util", "{D2A4F13A-25DB-48D8-AF0A-14A9F0C087FF}"
	ProjectSection(SolutionItems) = preProject
		Util\Etage.cs = Util\Etage.cs
	EndProjectSection
EndProject
Project("{2150E333-8FDC-42A3-9474-1A3956D46DE8}") = "Pages", "Pages", "{85FF99AB-8455-4615-ACDC-F735EAE7F5B5}"
	ProjectSection(SolutionItems) = preProject
		Pages\MainWindow.axaml = Pages\MainWindow.axaml
		Pages\MainWindow.axaml.cs = Pages\MainWindow.axaml.cs
		Pages\ParkplatzWindow.axaml = Pages\ParkplatzWindow.axaml
		Pages\ParkplatzWindow.axaml.cs = Pages\ParkplatzWindow.axaml.cs
	EndProjectSection
EndProject
Global
	GlobalSection(SolutionConfigurationPlatforms) = preSolution
		Debug|Any CPU = Debug|Any CPU
		Release|Any CPU = Release|Any CPU
	EndGlobalSection
	GlobalSection(ProjectConfigurationPlatforms) = postSolution
		{DCA47FBC-D00D-43E0-8923-E71CA4943AB5}.Debug|Any CPU.ActiveCfg = Debug|Any CPU
		{DCA47FBC-D00D-43E0-8923-E71CA4943AB5}.Debug|Any CPU.Build.0 = Debug|Any CPU
		{DCA47FBC-D00D-43E0-8923-E71CA4943AB5}.Release|Any CPU.ActiveCfg = Release|Any CPU
		{DCA47FBC-D00D-43E0-8923-E71CA4943AB5}.Release|Any CPU.Build.0 = Release|Any CPU
	EndGlobalSection
	GlobalSection(SolutionProperties) = preSolution
		HideSolutionNode = FALSE
	EndGlobalSection
	GlobalSection(ExtensibilityGlobals) = postSolution
		SolutionGuid = {0CA0702C-8D8A-4CA7-B578-30808588D36B}
	EndGlobalSection
EndGlobal
